
Microsoft Visual Studio Solution File, Format Version 12.00
# Visual Studio Version 17
VisualStudioVersion = 17.8.34511.84
MinimumVisualStudioVersion = 10.0.40219.1
Project("{9A19103F-16F7-4668-BE54-9A1E7A4F7556}") = "TicTacToe", "TicTacToe\TicTacToe.csproj", "{686229EA-5450-479A-80AF-E0EE8DC0A7F6}"
EndProject
Project("{9A19103F-16F7-4668-BE54-9A1E7A4F7556}") = "TicTacToeTest", "TicTacToeTest\TicTacToeTest.csproj", "{64BAC3A1-B182-47BB-998D-1935FD908EDB}"
EndProject
Global
	GlobalSection(SolutionConfigurationPlatforms) = preSolution
		Debug|Any CPU = Debug|Any CPU
		Release|Any CPU = Release|Any CPU
	EndGlobalSection
	GlobalSection(ProjectConfigurationPlatforms) = postSolution
		{686229EA-5450-479A-80AF-E0EE8DC0A7F6}.Debug|Any CPU.ActiveCfg = Debug|Any CPU
		{686229EA-5450-479A-80AF-E0EE8DC0A7F6}.Debug|Any CPU.Build.0 = Debug|Any CPU
		{686229EA-5450-479A-80AF-E0EE8DC0A7F6}.Release|Any CPU.ActiveCfg = Release|Any CPU
		{686229EA-5450-479A-80AF-E0EE8DC0A7F6}.Release|Any CPU.Build.0 = Release|Any CPU
		{64BAC3A1-B182-47BB-998D-1935FD908EDB}.Debug|Any CPU.ActiveCfg = Debug|Any CPU
		{64BAC3A1-B182-47BB-998D-1935FD908EDB}.Debug|Any CPU.Build.0 = Debug|Any CPU
		{64BAC3A1-B182-47BB-998D-1935FD908EDB}.Release|Any CPU.ActiveCfg = Release|Any CPU
		{64BAC3A1-B182-47BB-998D-1935FD908EDB}.Release|Any CPU.Build.0 = Release|Any CPU
	EndGlobalSection
	GlobalSection(SolutionProperties) = preSolution
		HideSolutionNode = FALSE
	EndGlobalSection
	GlobalSection(ExtensibilityGlobals) = postSolution
		SolutionGuid = {633FE1B7-B5B8-4EB0-AE84-5B2BB23535D2}
	EndGlobalSection
EndGlobal
